// !$*UTF8*$!
{
	archiveVersion = 1;
	classes = {
	};
	objectVersion = 48;
	objects = {

/* Begin PBXBuildFile section */
		04A34D9720597B970092696F /* HeaderFile.swift in Sources */ = {isa = PBXBuildFile; fileRef = 04A34D9620597B960092696F /* HeaderFile.swift */; };
		04B447112059755200236AD3 /* CWPlayer.swift in Sources */ = {isa = PBXBuildFile; fileRef = 04B4470F2059755200236AD3 /* CWPlayer.swift */; };
		04B4471F2059767200236AD3 /* icon_pause_btn@2x.png in Resources */ = {isa = PBXBuildFile; fileRef = 04B447142059767200236AD3 /* icon_pause_btn@2x.png */; };
		04B447202059767200236AD3 /* icon_thumbImage@2x.png in Resources */ = {isa = PBXBuildFile; fileRef = 04B447152059767200236AD3 /* icon_thumbImage@2x.png */; };
		04B447212059767200236AD3 /* icon_pause_btn@3x.png in Resources */ = {isa = PBXBuildFile; fileRef = 04B447162059767200236AD3 /* icon_pause_btn@3x.png */; };
		04B447222059767200236AD3 /* icon_launchFullScreen@3x.png in Resources */ = {isa = PBXBuildFile; fileRef = 04B447172059767200236AD3 /* icon_launchFullScreen@3x.png */; };
		04B447232059767200236AD3 /* icon_launchFullScreen@2x.png in Resources */ = {isa = PBXBuildFile; fileRef = 04B447182059767200236AD3 /* icon_launchFullScreen@2x.png */; };
		04B447242059767200236AD3 /* icon_MaximumTrackImage@2x.png in Resources */ = {isa = PBXBuildFile; fileRef = 04B447192059767200236AD3 /* icon_MaximumTrackImage@2x.png */; };
		04B447252059767200236AD3 /* icon_play@2x.png in Resources */ = {isa = PBXBuildFile; fileRef = 04B4471A2059767200236AD3 /* icon_play@2x.png */; };
		04B447262059767200236AD3 /* icon_play@3x.png in Resources */ = {isa = PBXBuildFile; fileRef = 04B4471B2059767200236AD3 /* icon_play@3x.png */; };
		04B447272059767200236AD3 /* icon_play_btn@3x.png in Resources */ = {isa = PBXBuildFile; fileRef = 04B4471C2059767200236AD3 /* icon_play_btn@3x.png */; };
		04B447282059767200236AD3 /* icon_MinimumTrackImage@2x.png in Resources */ = {isa = PBXBuildFile; fileRef = 04B4471D2059767200236AD3 /* icon_MinimumTrackImage@2x.png */; };
		04B447292059767200236AD3 /* icon_play_btn@2x.png in Resources */ = {isa = PBXBuildFile; fileRef = 04B4471E2059767200236AD3 /* icon_play_btn@2x.png */; };
		04FB7D00205921270070CC3C /* AppDelegate.swift in Sources */ = {isa = PBXBuildFile; fileRef = 04FB7CFF205921270070CC3C /* AppDelegate.swift */; };
		04FB7D02205921270070CC3C /* ViewController.swift in Sources */ = {isa = PBXBuildFile; fileRef = 04FB7D01205921270070CC3C /* ViewController.swift */; };
		04FB7D05205921270070CC3C /* Main.storyboard in Resources */ = {isa = PBXBuildFile; fileRef = 04FB7D03205921270070CC3C /* Main.storyboard */; };
		04FB7D07205921270070CC3C /* Assets.xcassets in Resources */ = {isa = PBXBuildFile; fileRef = 04FB7D06205921270070CC3C /* Assets.xcassets */; };
		04FB7D0A205921270070CC3C /* LaunchScreen.storyboard in Resources */ = {isa = PBXBuildFile; fileRef = 04FB7D08205921270070CC3C /* LaunchScreen.storyboard */; };
		04FB7D15205921280070CC3C /* CCPlayerTests.swift in Sources */ = {isa = PBXBuildFile; fileRef = 04FB7D14205921280070CC3C /* CCPlayerTests.swift */; };
		04FB7D20205921280070CC3C /* CCPlayerUITests.swift in Sources */ = {isa = PBXBuildFile; fileRef = 04FB7D1F205921280070CC3C /* CCPlayerUITests.swift */; };
		04FB7D30205928C80070CC3C /* OneViewController.swift in Sources */ = {isa = PBXBuildFile; fileRef = 04FB7D2F205928C80070CC3C /* OneViewController.swift */; };
/* End PBXBuildFile section */

/* Begin PBXContainerItemProxy section */
		04FB7D11205921280070CC3C /* PBXContainerItemProxy */ = {
			isa = PBXContainerItemProxy;
			containerPortal = 04FB7CF4205921270070CC3C /* Project object */;
			proxyType = 1;
			remoteGlobalIDString = 04FB7CFB205921270070CC3C;
			remoteInfo = CCPlayer;
		};
		04FB7D1C205921280070CC3C /* PBXContainerItemProxy */ = {
			isa = PBXContainerItemProxy;
			containerPortal = 04FB7CF4205921270070CC3C /* Project object */;
			proxyType = 1;
			remoteGlobalIDString = 04FB7CFB205921270070CC3C;
			remoteInfo = CCPlayer;
		};
/* End PBXContainerItemProxy section */

/* Begin PBXFileReference section */
		04A34D9620597B960092696F /* HeaderFile.swift */ = {isa = PBXFileReference; fileEncoding = 4; lastKnownFileType = sourcecode.swift; path = HeaderFile.swift; sourceTree = "<group>"; };
		04B4470F2059755200236AD3 /* CWPlayer.swift */ = {isa = PBXFileReference; fileEncoding = 4; lastKnownFileType = sourcecode.swift; path = CWPlayer.swift; sourceTree = "<group>"; };
		04B447142059767200236AD3 /* icon_pause_btn@2x.png */ = {isa = PBXFileReference; lastKnownFileType = image.png; path = "icon_pause_btn@2x.png"; sourceTree = "<group>"; };
		04B447152059767200236AD3 /* icon_thumbImage@2x.png */ = {isa = PBXFileReference; lastKnownFileType = image.png; path = "icon_thumbImage@2x.png"; sourceTree = "<group>"; };
		04B447162059767200236AD3 /* icon_pause_btn@3x.png */ = {isa = PBXFileReference; lastKnownFileType = image.png; path = "icon_pause_btn@3x.png"; sourceTree = "<group>"; };
		04B447172059767200236AD3 /* icon_launchFullScreen@3x.png */ = {isa = PBXFileReference; lastKnownFileType = image.png; path = "icon_launchFullScreen@3x.png"; sourceTree = "<group>"; };
		04B447182059767200236AD3 /* icon_launchFullScreen@2x.png */ = {isa = PBXFileReference; lastKnownFileType = image.png; path = "icon_launchFullScreen@2x.png"; sourceTree = "<group>"; };
		04B447192059767200236AD3 /* icon_MaximumTrackImage@2x.png */ = {isa = PBXFileReference; lastKnownFileType = image.png; path = "icon_MaximumTrackImage@2x.png"; sourceTree = "<group>"; };
		04B4471A2059767200236AD3 /* icon_play@2x.png */ = {isa = PBXFileReference; lastKnownFileType = image.png; path = "icon_play@2x.png"; sourceTree = "<group>"; };
		04B4471B2059767200236AD3 /* icon_play@3x.png */ = {isa = PBXFileReference; lastKnownFileType = image.png; path = "icon_play@3x.png"; sourceTree = "<group>"; };
		04B4471C2059767200236AD3 /* icon_play_btn@3x.png */ = {isa = PBXFileReference; lastKnownFileType = image.png; path = "icon_play_btn@3x.png"; sourceTree = "<group>"; };
		04B4471D2059767200236AD3 /* icon_MinimumTrackImage@2x.png */ = {isa = PBXFileReference; lastKnownFileType = image.png; path = "icon_MinimumTrackImage@2x.png"; sourceTree = "<group>"; };
		04B4471E2059767200236AD3 /* icon_play_btn@2x.png */ = {isa = PBXFileReference; lastKnownFileType = image.png; path = "icon_play_btn@2x.png"; sourceTree = "<group>"; };
		04FB7CFC205921270070CC3C /* CCPlayer.app */ = {isa = PBXFileReference; explicitFileType = wrapper.application; includeInIndex = 0; path = CCPlayer.app; sourceTree = BUILT_PRODUCTS_DIR; };
		04FB7CFF205921270070CC3C /* AppDelegate.swift */ = {isa = PBXFileReference; lastKnownFileType = sourcecode.swift; path = AppDelegate.swift; sourceTree = "<group>"; };
		04FB7D01205921270070CC3C /* ViewController.swift */ = {isa = PBXFileReference; lastKnownFileType = sourcecode.swift; path = ViewController.swift; sourceTree = "<group>"; };
		04FB7D04205921270070CC3C /* Base */ = {isa = PBXFileReference; lastKnownFileType = file.storyboard; name = Base; path = Base.lproj/Main.storyboard; sourceTree = "<group>"; };
		04FB7D06205921270070CC3C /* Assets.xcassets */ = {isa = PBXFileReference; lastKnownFileType = folder.assetcatalog; path = Assets.xcassets; sourceTree = "<group>"; };
		04FB7D09205921270070CC3C /* Base */ = {isa = PBXFileReference; lastKnownFileType = file.storyboard; name = Base; path = Base.lproj/LaunchScreen.storyboard; sourceTree = "<group>"; };
		04FB7D0B205921280070CC3C /* Info.plist */ = {isa = PBXFileReference; lastKnownFileType = text.plist.xml; path = Info.plist; sourceTree = "<group>"; };
		04FB7D10205921280070CC3C /* CCPlayerTests.xctest */ = {isa = PBXFileReference; explicitFileType = wrapper.cfbundle; includeInIndex = 0; path = CCPlayerTests.xctest; sourceTree = BUILT_PRODUCTS_DIR; };
		04FB7D14205921280070CC3C /* CCPlayerTests.swift */ = {isa = PBXFileReference; lastKnownFileType = sourcecode.swift; path = CCPlayerTests.swift; sourceTree = "<group>"; };
		04FB7D16205921280070CC3C /* Info.plist */ = {isa = PBXFileReference; lastKnownFileType = text.plist.xml; path = Info.plist; sourceTree = "<group>"; };
		04FB7D1B205921280070CC3C /* CCPlayerUITests.xctest */ = {isa = PBXFileReference; explicitFileType = wrapper.cfbundle; includeInIndex = 0; path = CCPlayerUITests.xctest; sourceTree = BUILT_PRODUCTS_DIR; };
		04FB7D1F205921280070CC3C /* CCPlayerUITests.swift */ = {isa = PBXFileReference; lastKnownFileType = sourcecode.swift; path = CCPlayerUITests.swift; sourceTree = "<group>"; };
		04FB7D21205921280070CC3C /* Info.plist */ = {isa = PBXFileReference; lastKnownFileType = text.plist.xml; path = Info.plist; sourceTree = "<group>"; };
		04FB7D2F205928C80070CC3C /* OneViewController.swift */ = {isa = PBXFileReference; fileEncoding = 4; lastKnownFileType = sourcecode.swift; path = OneViewController.swift; sourceTree = "<group>"; };
/* End PBXFileReference section */

/* Begin PBXFrameworksBuildPhase section */
		04FB7CF9205921270070CC3C /* Frameworks */ = {
			isa = PBXFrameworksBuildPhase;
			buildActionMask = 2147483647;
			files = (
			);
			runOnlyForDeploymentPostprocessing = 0;
		};
		04FB7D0D205921280070CC3C /* Frameworks */ = {
			isa = PBXFrameworksBuildPhase;
			buildActionMask = 2147483647;
			files = (
			);
			runOnlyForDeploymentPostprocessing = 0;
		};
		04FB7D18205921280070CC3C /* Frameworks */ = {
			isa = PBXFrameworksBuildPhase;
			buildActionMask = 2147483647;
			files = (
			);
			runOnlyForDeploymentPostprocessing = 0;
		};
/* End PBXFrameworksBuildPhase section */

/* Begin PBXGroup section */
		04B4470E2059740300236AD3 /* Player */ = {
			isa = PBXGroup;
			children = (
				04B447132059767200236AD3 /* image */,
				04B4470F2059755200236AD3 /* CWPlayer.swift */,
			);
			path = Player;
			sourceTree = "<group>";
		};
		04B447132059767200236AD3 /* image */ = {
			isa = PBXGroup;
			children = (
				04B447142059767200236AD3 /* icon_pause_btn@2x.png */,
				04B447152059767200236AD3 /* icon_thumbImage@2x.png */,
				04B447162059767200236AD3 /* icon_pause_btn@3x.png */,
				04B447172059767200236AD3 /* icon_launchFullScreen@3x.png */,
				04B447182059767200236AD3 /* icon_launchFullScreen@2x.png */,
				04B447192059767200236AD3 /* icon_MaximumTrackImage@2x.png */,
				04B4471A2059767200236AD3 /* icon_play@2x.png */,
				04B4471B2059767200236AD3 /* icon_play@3x.png */,
				04B4471C2059767200236AD3 /* icon_play_btn@3x.png */,
				04B4471D2059767200236AD3 /* icon_MinimumTrackImage@2x.png */,
				04B4471E2059767200236AD3 /* icon_play_btn@2x.png */,
			);
			path = image;
			sourceTree = "<group>";
		};
		04FB7CF3205921270070CC3C = {
			isa = PBXGroup;
			children = (
				04FB7CFE205921270070CC3C /* CCPlayer */,
				04FB7D13205921280070CC3C /* CCPlayerTests */,
				04FB7D1E205921280070CC3C /* CCPlayerUITests */,
				04FB7CFD205921270070CC3C /* Products */,
			);
			sourceTree = "<group>";
		};
		04FB7CFD205921270070CC3C /* Products */ = {
			isa = PBXGroup;
			children = (
				04FB7CFC205921270070CC3C /* CCPlayer.app */,
				04FB7D10205921280070CC3C /* CCPlayerTests.xctest */,
				04FB7D1B205921280070CC3C /* CCPlayerUITests.xctest */,
			);
			name = Products;
			sourceTree = "<group>";
		};
		04FB7CFE205921270070CC3C /* CCPlayer */ = {
			isa = PBXGroup;
			children = (
				04B4470E2059740300236AD3 /* Player */,
				04FB7CFF205921270070CC3C /* AppDelegate.swift */,
				04FB7D01205921270070CC3C /* ViewController.swift */,
				04FB7D2F205928C80070CC3C /* OneViewController.swift */,
				04A34D9620597B960092696F /* HeaderFile.swift */,
				04FB7D03205921270070CC3C /* Main.storyboard */,
				04FB7D06205921270070CC3C /* Assets.xcassets */,
				04FB7D08205921270070CC3C /* LaunchScreen.storyboard */,
				04FB7D0B205921280070CC3C /* Info.plist */,
			);
			path = CCPlayer;
			sourceTree = "<group>";
		};
		04FB7D13205921280070CC3C /* CCPlayerTests */ = {
			isa = PBXGroup;
			children = (
				04FB7D14205921280070CC3C /* CCPlayerTests.swift */,
				04FB7D16205921280070CC3C /* Info.plist */,
			);
			path = CCPlayerTests;
			sourceTree = "<group>";
		};
		04FB7D1E205921280070CC3C /* CCPlayerUITests */ = {
			isa = PBXGroup;
			children = (
				04FB7D1F205921280070CC3C /* CCPlayerUITests.swift */,
				04FB7D21205921280070CC3C /* Info.plist */,
			);
			path = CCPlayerUITests;
			sourceTree = "<group>";
		};
/* End PBXGroup section */

/* Begin PBXNativeTarget section */
		04FB7CFB205921270070CC3C /* CCPlayer */ = {
			isa = PBXNativeTarget;
			buildConfigurationList = 04FB7D24205921280070CC3C /* Build configuration list for PBXNativeTarget "CCPlayer" */;
			buildPhases = (
				04FB7CF8205921270070CC3C /* Sources */,
				04FB7CF9205921270070CC3C /* Frameworks */,
				04FB7CFA205921270070CC3C /* Resources */,
			);
			buildRules = (
			);
			dependencies = (
			);
			name = CCPlayer;
			productName = CCPlayer;
			productReference = 04FB7CFC205921270070CC3C /* CCPlayer.app */;
			productType = "com.apple.product-type.application";
		};
		04FB7D0F205921280070CC3C /* CCPlayerTests */ = {
			isa = PBXNativeTarget;
			buildConfigurationList = 04FB7D27205921280070CC3C /* Build configuration list for PBXNativeTarget "CCPlayerTests" */;
			buildPhases = (
				04FB7D0C205921280070CC3C /* Sources */,
				04FB7D0D205921280070CC3C /* Frameworks */,
				04FB7D0E205921280070CC3C /* Resources */,
			);
			buildRules = (
			);
			dependencies = (
				04FB7D12205921280070CC3C /* PBXTargetDependency */,
			);
			name = CCPlayerTests;
			productName = CCPlayerTests;
			productReference = 04FB7D10205921280070CC3C /* CCPlayerTests.xctest */;
			productType = "com.apple.product-type.bundle.unit-test";
		};
		04FB7D1A205921280070CC3C /* CCPlayerUITests */ = {
			isa = PBXNativeTarget;
			buildConfigurationList = 04FB7D2A205921280070CC3C /* Build configuration list for PBXNativeTarget "CCPlayerUITests" */;
			buildPhases = (
				04FB7D17205921280070CC3C /* Sources */,
				04FB7D18205921280070CC3C /* Frameworks */,
				04FB7D19205921280070CC3C /* Resources */,
			);
			buildRules = (
			);
			dependencies = (
				04FB7D1D205921280070CC3C /* PBXTargetDependency */,
			);
			name = CCPlayerUITests;
			productName = CCPlayerUITests;
			productReference = 04FB7D1B205921280070CC3C /* CCPlayerUITests.xctest */;
			productType = "com.apple.product-type.bundle.ui-testing";
		};
/* End PBXNativeTarget section */

/* Begin PBXProject section */
		04FB7CF4205921270070CC3C /* Project object */ = {
			isa = PBXProject;
			attributes = {
				LastSwiftUpdateCheck = 0920;
				LastUpgradeCheck = 0920;
				ORGANIZATIONNAME = chang;
				TargetAttributes = {
					04FB7CFB205921270070CC3C = {
						CreatedOnToolsVersion = 9.2;
						ProvisioningStyle = Automatic;
					};
					04FB7D0F205921280070CC3C = {
						CreatedOnToolsVersion = 9.2;
						ProvisioningStyle = Automatic;
						TestTargetID = 04FB7CFB205921270070CC3C;
					};
					04FB7D1A205921280070CC3C = {
						CreatedOnToolsVersion = 9.2;
						ProvisioningStyle = Automatic;
						TestTargetID = 04FB7CFB205921270070CC3C;
					};
				};
			};
			buildConfigurationList = 04FB7CF7205921270070CC3C /* Build configuration list for PBXProject "CCPlayer" */;
			compatibilityVersion = "Xcode 8.0";
			developmentRegion = en;
			hasScannedForEncodings = 0;
			knownRegions = (
				en,
				Base,
			);
			mainGroup = 04FB7CF3205921270070CC3C;
			productRefGroup = 04FB7CFD205921270070CC3C /* Products */;
			projectDirPath = "";
			projectRoot = "";
			targets = (
				04FB7CFB205921270070CC3C /* CCPlayer */,
				04FB7D0F205921280070CC3C /* CCPlayerTests */,
				04FB7D1A205921280070CC3C /* CCPlayerUITests */,
			);
		};
/* End PBXProject section */

/* Begin PBXResourcesBuildPhase section */
		04FB7CFA205921270070CC3C /* Resources */ = {
			isa = PBXResourcesBuildPhase;
			buildActionMask = 2147483647;
			files = (
				04B447292059767200236AD3 /* icon_play_btn@2x.png in Resources */,
				04B447222059767200236AD3 /* icon_launchFullScreen@3x.png in Resources */,
				04B447282059767200236AD3 /* icon_MinimumTrackImage@2x.png in Resources */,
				04B447212059767200236AD3 /* icon_pause_btn@3x.png in Resources */,
				04FB7D0A205921270070CC3C /* LaunchScreen.storyboard in Resources */,
				04B447252059767200236AD3 /* icon_play@2x.png in Resources */,
				04FB7D07205921270070CC3C /* Assets.xcassets in Resources */,
				04B447202059767200236AD3 /* icon_thumbImage@2x.png in Resources */,
				04FB7D05205921270070CC3C /* Main.storyboard in Resources */,
				04B447272059767200236AD3 /* icon_play_btn@3x.png in Resources */,
				04B4471F2059767200236AD3 /* icon_pause_btn@2x.png in Resources */,
				04B447262059767200236AD3 /* icon_play@3x.png in Resources */,
				04B447232059767200236AD3 /* icon_launchFullScreen@2x.png in Resources */,
				04B447242059767200236AD3 /* icon_MaximumTrackImage@2x.png in Resources */,
			);
			runOnlyForDeploymentPostprocessing = 0;
		};
		04FB7D0E205921280070CC3C /* Resources */ = {
			isa = PBXResourcesBuildPhase;
			buildActionMask = 2147483647;
			files = (
			);
			runOnlyForDeploymentPostprocessing = 0;
		};
		04FB7D19205921280070CC3C /* Resources */ = {
			isa = PBXResourcesBuildPhase;
			buildActionMask = 2147483647;
			files = (
			);
			runOnlyForDeploymentPostprocessing = 0;
		};
/* End PBXResourcesBuildPhase section */

/* Begin PBXSourcesBuildPhase section */
		04FB7CF8205921270070CC3C /* Sources */ = {
			isa = PBXSourcesBuildPhase;
			buildActionMask = 2147483647;
			files = (
				04B447112059755200236AD3 /* CWPlayer.swift in Sources */,
				04FB7D30205928C80070CC3C /* OneViewController.swift in Sources */,
				04FB7D02205921270070CC3C /* ViewController.swift in Sources */,
				04A34D9720597B970092696F /* HeaderFile.swift in Sources */,
				04FB7D00205921270070CC3C /* AppDelegate.swift in Sources */,
			);
			runOnlyForDeploymentPostprocessing = 0;
		};
		04FB7D0C205921280070CC3C /* Sources */ = {
			isa = PBXSourcesBuildPhase;
			buildActionMask = 2147483647;
			files = (
				04FB7D15205921280070CC3C /* CCPlayerTests.swift in Sources */,
			);
			runOnlyForDeploymentPostprocessing = 0;
		};
		04FB7D17205921280070CC3C /* Sources */ = {
			isa = PBXSourcesBuildPhase;
			buildActionMask = 2147483647;
			files = (
				04FB7D20205921280070CC3C /* CCPlayerUITests.swift in Sources */,
			);
			runOnlyForDeploymentPostprocessing = 0;
		};
/* End PBXSourcesBuildPhase section */

/* Begin PBXTargetDependency section */
		04FB7D12205921280070CC3C /* PBXTargetDependency */ = {
			isa = PBXTargetDependency;
			target = 04FB7CFB205921270070CC3C /* CCPlayer */;
			targetProxy = 04FB7D11205921280070CC3C /* PBXContainerItemProxy */;
		};
		04FB7D1D205921280070CC3C /* PBXTargetDependency */ = {
			isa = PBXTargetDependency;
			target = 04FB7CFB205921270070CC3C /* CCPlayer */;
			targetProxy = 04FB7D1C205921280070CC3C /* PBXContainerItemProxy */;
		};
/* End PBXTargetDependency section */

/* Begin PBXVariantGroup section */
		04FB7D03205921270070CC3C /* Main.storyboard */ = {
			isa = PBXVariantGroup;
			children = (
				04FB7D04205921270070CC3C /* Base */,
			);
			name = Main.storyboard;
			sourceTree = "<group>";
		};
		04FB7D08205921270070CC3C /* LaunchScreen.storyboard */ = {
			isa = PBXVariantGroup;
			children = (
				04FB7D09205921270070CC3C /* Base */,
			);
			name = LaunchScreen.storyboard;
			sourceTree = "<group>";
		};
/* End PBXVariantGroup section */

/* Begin XCBuildConfiguration section */
		04FB7D22205921280070CC3C /* Debug */ = {
			isa = XCBuildConfiguration;
			buildSettings = {
				ALWAYS_SEARCH_USER_PATHS = NO;
				CLANG_ANALYZER_NONNULL = YES;
				CLANG_ANALYZER_NUMBER_OBJECT_CONVERSION = YES_AGGRESSIVE;
				CLANG_CXX_LANGUAGE_STANDARD = "gnu++14";
				CLANG_CXX_LIBRARY = "libc++";
				CLANG_ENABLE_MODULES = YES;
				CLANG_ENABLE_OBJC_ARC = YES;
				CLANG_WARN_BLOCK_CAPTURE_AUTORELEASING = YES;
				CLANG_WARN_BOOL_CONVERSION = YES;
				CLANG_WARN_COMMA = YES;
				CLANG_WARN_CONSTANT_CONVERSION = YES;
				CLANG_WARN_DIRECT_OBJC_ISA_USAGE = YES_ERROR;
				CLANG_WARN_DOCUMENTATION_COMMENTS = YES;
				CLANG_WARN_EMPTY_BODY = YES;
				CLANG_WARN_ENUM_CONVERSION = YES;
				CLANG_WARN_INFINITE_RECURSION = YES;
				CLANG_WARN_INT_CONVERSION = YES;
				CLANG_WARN_NON_LITERAL_NULL_CONVERSION = YES;
				CLANG_WARN_OBJC_LITERAL_CONVERSION = YES;
				CLANG_WARN_OBJC_ROOT_CLASS = YES_ERROR;
				CLANG_WARN_RANGE_LOOP_ANALYSIS = YES;
				CLANG_WARN_STRICT_PROTOTYPES = YES;
				CLANG_WARN_SUSPICIOUS_MOVE = YES;
				CLANG_WARN_UNGUARDED_AVAILABILITY = YES_AGGRESSIVE;
				CLANG_WARN_UNREACHABLE_CODE = YES;
				CLANG_WARN__DUPLICATE_METHOD_MATCH = YES;
				CODE_SIGN_IDENTITY = "iPhone Developer";
				COPY_PHASE_STRIP = NO;
				DEBUG_INFORMATION_FORMAT = dwarf;
				ENABLE_STRICT_OBJC_MSGSEND = YES;
				ENABLE_TESTABILITY = YES;
				GCC_C_LANGUAGE_STANDARD = gnu11;
				GCC_DYNAMIC_NO_PIC = NO;
				GCC_NO_COMMON_BLOCKS = YES;
				GCC_OPTIMIZATION_LEVEL = 0;
				GCC_PREPROCESSOR_DEFINITIONS = (
					"DEBUG=1",
					"$(inherited)",
				);
				GCC_WARN_64_TO_32_BIT_CONVERSION = YES;
				GCC_WARN_ABOUT_RETURN_TYPE = YES_ERROR;
				GCC_WARN_UNDECLARED_SELECTOR = YES;
				GCC_WARN_UNINITIALIZED_AUTOS = YES_AGGRESSIVE;
				GCC_WARN_UNUSED_FUNCTION = YES;
				GCC_WARN_UNUSED_VARIABLE = YES;
				IPHONEOS_DEPLOYMENT_TARGET = 11.2;
				MTL_ENABLE_DEBUG_INFO = YES;
				ONLY_ACTIVE_ARCH = YES;
				SDKROOT = iphoneos;
				SWIFT_ACTIVE_COMPILATION_CONDITIONS = DEBUG;
				SWIFT_OPTIMIZATION_LEVEL = "-Onone";
			};
			name = Debug;
		};
		04FB7D23205921280070CC3C /* Release */ = {
			isa = XCBuildConfiguration;
			buildSettings = {
				ALWAYS_SEARCH_USER_PATHS = NO;
				CLANG_ANALYZER_NONNULL = YES;
				CLANG_ANALYZER_NUMBER_OBJECT_CONVERSION = YES_AGGRESSIVE;
				CLANG_CXX_LANGUAGE_STANDARD = "gnu++14";
				CLANG_CXX_LIBRARY = "libc++";
				CLANG_ENABLE_MODULES = YES;
				CLANG_ENABLE_OBJC_ARC = YES;
				CLANG_WARN_BLOCK_CAPTURE_AUTORELEASING = YES;
				CLANG_WARN_BOOL_CONVERSION = YES;
				CLANG_WARN_COMMA = YES;
				CLANG_WARN_CONSTANT_CONVERSION = YES;
				CLANG_WARN_DIRECT_OBJC_ISA_USAGE = YES_ERROR;
				CLANG_WARN_DOCUMENTATION_COMMENTS = YES;
				CLANG_WARN_EMPTY_BODY = YES;
				CLANG_WARN_ENUM_CONVERSION = YES;
				CLANG_WARN_INFINITE_RECURSION = YES;
				CLANG_WARN_INT_CONVERSION = YES;
				CLANG_WARN_NON_LITERAL_NULL_CONVERSION = YES;
				CLANG_WARN_OBJC_LITERAL_CONVERSION = YES;
				CLANG_WARN_OBJC_ROOT_CLASS = YES_ERROR;
				CLANG_WARN_RANGE_LOOP_ANALYSIS = YES;
				CLANG_WARN_STRICT_PROTOTYPES = YES;
				CLANG_WARN_SUSPICIOUS_MOVE = YES;
				CLANG_WARN_UNGUARDED_AVAILABILITY = YES_AGGRESSIVE;
				CLANG_WARN_UNREACHABLE_CODE = YES;
				CLANG_WARN__DUPLICATE_METHOD_MATCH = YES;
				CODE_SIGN_IDENTITY = "iPhone Developer";
				COPY_PHASE_STRIP = NO;
				DEBUG_INFORMATION_FORMAT = "dwarf-with-dsym";
				ENABLE_NS_ASSERTIONS = NO;
				ENABLE_STRICT_OBJC_MSGSEND = YES;
				GCC_C_LANGUAGE_STANDARD = gnu11;
				GCC_NO_COMMON_BLOCKS = YES;
				GCC_WARN_64_TO_32_BIT_CONVERSION = YES;
				GCC_WARN_ABOUT_RETURN_TYPE = YES_ERROR;
				GCC_WARN_UNDECLARED_SELECTOR = YES;
				GCC_WARN_UNINITIALIZED_AUTOS = YES_AGGRESSIVE;
				GCC_WARN_UNUSED_FUNCTION = YES;
				GCC_WARN_UNUSED_VARIABLE = YES;
				IPHONEOS_DEPLOYMENT_TARGET = 11.2;
				MTL_ENABLE_DEBUG_INFO = NO;
				SDKROOT = iphoneos;
				SWIFT_OPTIMIZATION_LEVEL = "-Owholemodule";
				VALIDATE_PRODUCT = YES;
			};
			name = Release;
		};
		04FB7D25205921280070CC3C /* Debug */ = {
			isa = XCBuildConfiguration;
			buildSettings = {
				ASSETCATALOG_COMPILER_APPICON_NAME = AppIcon;
				CODE_SIGN_STYLE = Automatic;
				DEVELOPMENT_TEAM = DK75SE4EKC;
				INFOPLIST_FILE = CCPlayer/Info.plist;
				LD_RUNPATH_SEARCH_PATHS = "$(inherited) @executable_path/Frameworks";
				PRODUCT_BUNDLE_IDENTIFIER = com.chang.www.CCPlayer;
				PRODUCT_NAME = "$(TARGET_NAME)";
				SWIFT_VERSION = 4.0;
				TARGETED_DEVICE_FAMILY = "1,2";
			};
			name = Debug;
		};
		04FB7D26205921280070CC3C /* Release */ = {
			isa = XCBuildConfiguration;
			buildSettings = {
				ASSETCATALOG_COMPILER_APPICON_NAME = AppIcon;
				CODE_SIGN_STYLE = Automatic;
				DEVELOPMENT_TEAM = DK75SE4EKC;
				INFOPLIST_FILE = CCPlayer/Info.plist;
				LD_RUNPATH_SEARCH_PATHS = "$(inherited) @executable_path/Frameworks";
				PRODUCT_BUNDLE_IDENTIFIER = com.chang.www.CCPlayer;
				PRODUCT_NAME = "$(TARGET_NAME)";
				SWIFT_VERSION = 4.0;
				TARGETED_DEVICE_FAMILY = "1,2";
			};
			name = Release;
		};
		04FB7D28205921280070CC3C /* Debug */ = {
			isa = XCBuildConfiguration;
			buildSettings = {
				ALWAYS_EMBED_SWIFT_STANDARD_LIBRARIES = YES;
				BUNDLE_LOADER = "$(TEST_HOST)";
				CODE_SIGN_STYLE = Automatic;
				INFOPLIST_FILE = CCPlayerTests/Info.plist;
				LD_RUNPATH_SEARCH_PATHS = "$(inherited) @executable_path/Frameworks @loader_path/Frameworks";
				PRODUCT_BUNDLE_IDENTIFIER = com.chang.www.CCPlayerTests;
				PRODUCT_NAME = "$(TARGET_NAME)";
				SWIFT_VERSION = 4.0;
				TARGETED_DEVICE_FAMILY = "1,2";
				TEST_HOST = "$(BUILT_PRODUCTS_DIR)/CCPlayer.app/CCPlayer";
			};
			name = Debug;
		};
		04FB7D29205921280070CC3C /* Release */ = {
			isa = XCBuildConfiguration;
			buildSettings = {
				ALWAYS_EMBED_SWIFT_STANDARD_LIBRARIES = YES;
				BUNDLE_LOADER = "$(TEST_HOST)";
				CODE_SIGN_STYLE = Automatic;
				INFOPLIST_FILE = CCPlayerTests/Info.plist;
				LD_RUNPATH_SEARCH_PATHS = "$(inherited) @executable_path/Frameworks @loader_path/Frameworks";
				PRODUCT_BUNDLE_IDENTIFIER = com.chang.www.CCPlayerTests;
				PRODUCT_NAME = "$(TARGET_NAME)";
				SWIFT_VERSION = 4.0;
				TARGETED_DEVICE_FAMILY = "1,2";
				TEST_HOST = "$(BUILT_PRODUCTS_DIR)/CCPlayer.app/CCPlayer";
			};
			name = Release;
		};
		04FB7D2B205921280070CC3C /* Debug */ = {
			isa = XCBuildConfiguration;
			buildSettings = {
				ALWAYS_EMBED_SWIFT_STANDARD_LIBRARIES = YES;
				CODE_SIGN_STYLE = Automatic;
				INFOPLIST_FILE = CCPlayerUITests/Info.plist;
				LD_RUNPATH_SEARCH_PATHS = "$(inherited) @executable_path/Frameworks @loader_path/Frameworks";
				PRODUCT_BUNDLE_IDENTIFIER = com.chang.www.CCPlayerUITests;
				PRODUCT_NAME = "$(TARGET_NAME)";
				SWIFT_VERSION = 4.0;
				TARGETED_DEVICE_FAMILY = "1,2";
				TEST_TARGET_NAME = CCPlayer;
			};
			name = Debug;
		};
		04FB7D2C205921280070CC3C /* Release */ = {
			isa = XCBuildConfiguration;
			buildSettings = {
				ALWAYS_EMBED_SWIFT_STANDARD_LIBRARIES = YES;
				CODE_SIGN_STYLE = Automatic;
				INFOPLIST_FILE = CCPlayerUITests/Info.plist;
				LD_RUNPATH_SEARCH_PATHS = "$(inherited) @executable_path/Frameworks @loader_path/Frameworks";
				PRODUCT_BUNDLE_IDENTIFIER = com.chang.www.CCPlayerUITests;
				PRODUCT_NAME = "$(TARGET_NAME)";
				SWIFT_VERSION = 4.0;
				TARGETED_DEVICE_FAMILY = "1,2";
				TEST_TARGET_NAME = CCPlayer;
			};
			name = Release;
		};
/* End XCBuildConfiguration section */

/* Begin XCConfigurationList section */
		04FB7CF7205921270070CC3C /* Build configuration list for PBXProject "CCPlayer" */ = {
			isa = XCConfigurationList;
			buildConfigurations = (
				04FB7D22205921280070CC3C /* Debug */,
				04FB7D23205921280070CC3C /* Release */,
			);
			defaultConfigurationIsVisible = 0;
			defaultConfigurationName = Release;
		};
		04FB7D24205921280070CC3C /* Build configuration list for PBXNativeTarget "CCPlayer" */ = {
			isa = XCConfigurationList;
			buildConfigurations = (
				04FB7D25205921280070CC3C /* Debug */,
				04FB7D26205921280070CC3C /* Release */,
			);
			defaultConfigurationIsVisible = 0;
			defaultConfigurationName = Release;
		};
		04FB7D27205921280070CC3C /* Build configuration list for PBXNativeTarget "CCPlayerTests" */ = {
			isa = XCConfigurationList;
			buildConfigurations = (
				04FB7D28205921280070CC3C /* Debug */,
				04FB7D29205921280070CC3C /* Release */,
			);
			defaultConfigurationIsVisible = 0;
			defaultConfigurationName = Release;
		};
		04FB7D2A205921280070CC3C /* Build configuration list for PBXNativeTarget "CCPlayerUITests" */ = {
			isa = XCConfigurationList;
			buildConfigurations = (
				04FB7D2B205921280070CC3C /* Debug */,
				04FB7D2C205921280070CC3C /* Release */,
			);
			defaultConfigurationIsVisible = 0;
			defaultConfigurationName = Release;
		};
/* End XCConfigurationList section */
	};
	rootObject = 04FB7CF4205921270070CC3C /* Project object */;
}
